
Microsoft Visual Studio Solution File, Format Version 12.00
# Visual Studio Version 17
VisualStudioVersion = 17.0.32126.317
MinimumVisualStudioVersion = 10.0.40219.1
Project("{FAE04EC0-301F-11D3-BF4B-00C04F79EFBC}") = "ProyectoTarea2", "ProyectoTarea2\ProyectoTarea2.csproj", "{99999136-0854-4C72-ACEC-91A2B40BD3E1}"
EndProject
Global
	GlobalSection(SolutionConfigurationPlatforms) = preSolution
		Debug|Any CPU = Debug|Any CPU
		Release|Any CPU = Release|Any CPU
	EndGlobalSection
	GlobalSection(ProjectConfigurationPlatforms) = postSolution
		{99999136-0854-4C72-ACEC-91A2B40BD3E1}.Debug|Any CPU.ActiveCfg = Debug|Any CPU
		{99999136-0854-4C72-ACEC-91A2B40BD3E1}.Debug|Any CPU.Build.0 = Debug|Any CPU
		{99999136-0854-4C72-ACEC-91A2B40BD3E1}.Release|Any CPU.ActiveCfg = Release|Any CPU
		{99999136-0854-4C72-ACEC-91A2B40BD3E1}.Release|Any CPU.Build.0 = Release|Any CPU
	EndGlobalSection
	GlobalSection(SolutionProperties) = preSolution
		HideSolutionNode = FALSE
	EndGlobalSection
	GlobalSection(ExtensibilityGlobals) = postSolution
		SolutionGuid = {C825E688-70A7-41BF-8512-25ED9ABEC050}
	EndGlobalSection
EndGlobal
